
Microsoft Visual Studio Solution File, Format Version 11.00
# Visual Basic Express 2010
Project("{F184B08F-C81C-45F6-A57F-5ABD9991F28F}") = "Task5", "Task5\Task5.vbproj", "{02CFF693-0D9A-4647-AEC8-E390EF567804}"
EndProject
Global
	GlobalSection(SolutionConfigurationPlatforms) = preSolution
		Debug|x86 = Debug|x86
		Release|x86 = Release|x86
	EndGlobalSection
	GlobalSection(ProjectConfigurationPlatforms) = postSolution
		{02CFF693-0D9A-4647-AEC8-E390EF567804}.Debug|x86.ActiveCfg = Debug|x86
		{02CFF693-0D9A-4647-AEC8-E390EF567804}.Debug|x86.Build.0 = Debug|x86
		{02CFF693-0D9A-4647-AEC8-E390EF567804}.Release|x86.ActiveCfg = Release|x86
		{02CFF693-0D9A-4647-AEC8-E390EF567804}.Release|x86.Build.0 = Release|x86
	EndGlobalSection
	GlobalSection(SolutionProperties) = preSolution
		HideSolutionNode = FALSE
	EndGlobalSection
EndGlobal
